// !$*UTF8*$!
{
	archiveVersion = 1;
	classes = {
	};
	objectVersion = 50;
	objects = {

/* Begin PBXBuildFile section */
		52A6FC582340A45E0071D498 /* AppDelegate.swift in Sources */ = {isa = PBXBuildFile; fileRef = 52A6FC572340A45E0071D498 /* AppDelegate.swift */; };
		52A6FC5A2340A45E0071D498 /* SceneDelegate.swift in Sources */ = {isa = PBXBuildFile; fileRef = 52A6FC592340A45E0071D498 /* SceneDelegate.swift */; };
		52A6FC5C2340A45E0071D498 /* ViewController.swift in Sources */ = {isa = PBXBuildFile; fileRef = 52A6FC5B2340A45E0071D498 /* ViewController.swift */; };
		52A6FC5F2340A45E0071D498 /* Main.storyboard in Resources */ = {isa = PBXBuildFile; fileRef = 52A6FC5D2340A45E0071D498 /* Main.storyboard */; };
		52A6FC612340A4620071D498 /* Assets.xcassets in Resources */ = {isa = PBXBuildFile; fileRef = 52A6FC602340A4620071D498 /* Assets.xcassets */; };
		52A6FC642340A4620071D498 /* LaunchScreen.storyboard in Resources */ = {isa = PBXBuildFile; fileRef = 52A6FC622340A4620071D498 /* LaunchScreen.storyboard */; };
/* End PBXBuildFile section */

/* Begin PBXFileReference section */
		52A6FC542340A45E0071D498 /* Go Get It.app */ = {isa = PBXFileReference; explicitFileType = wrapper.application; includeInIndex = 0; path = "Go Get It.app"; sourceTree = BUILT_PRODUCTS_DIR; };
		52A6FC572340A45E0071D498 /* AppDelegate.swift */ = {isa = PBXFileReference; lastKnownFileType = sourcecode.swift; path = AppDelegate.swift; sourceTree = "<group>"; };
		52A6FC592340A45E0071D498 /* SceneDelegate.swift */ = {isa = PBXFileReference; lastKnownFileType = sourcecode.swift; path = SceneDelegate.swift; sourceTree = "<group>"; };
		52A6FC5B2340A45E0071D498 /* ViewController.swift */ = {isa = PBXFileReference; lastKnownFileType = sourcecode.swift; path = ViewController.swift; sourceTree = "<group>"; };
		52A6FC5E2340A45E0071D498 /* Base */ = {isa = PBXFileReference; lastKnownFileType = file.storyboard; name = Base; path = Base.lproj/Main.storyboard; sourceTree = "<group>"; };
		52A6FC602340A4620071D498 /* Assets.xcassets */ = {isa = PBXFileReference; lastKnownFileType = folder.assetcatalog; path = Assets.xcassets; sourceTree = "<group>"; };
		52A6FC632340A4620071D498 /* Base */ = {isa = PBXFileReference; lastKnownFileType = file.storyboard; name = Base; path = Base.lproj/LaunchScreen.storyboard; sourceTree = "<group>"; };
		52A6FC652340A4620071D498 /* Info.plist */ = {isa = PBXFileReference; lastKnownFileType = text.plist.xml; path = Info.plist; sourceTree = "<group>"; };
/* End PBXFileReference section */

/* Begin PBXFrameworksBuildPhase section */
		52A6FC512340A45E0071D498 /* Frameworks */ = {
			isa = PBXFrameworksBuildPhase;
			buildActionMask = 2147483647;
			files = (
			);
			runOnlyForDeploymentPostprocessing = 0;
		};
/* End PBXFrameworksBuildPhase section */

/* Begin PBXGroup section */
		52A6FC4B2340A45E0071D498 = {
			isa = PBXGroup;
			children = (
				52A6FC562340A45E0071D498 /* Go Get It */,
				52A6FC552340A45E0071D498 /* Products */,
			);
			sourceTree = "<group>";
		};
		52A6FC552340A45E0071D498 /* Products */ = {
			isa = PBXGroup;
			children = (
				52A6FC542340A45E0071D498 /* Go Get It.app */,
			);
			name = Products;
			sourceTree = "<group>";
		};
		52A6FC562340A45E0071D498 /* Go Get It */ = {
			isa = PBXGroup;
			children = (
				52A6FC572340A45E0071D498 /* AppDelegate.swift */,
				52A6FC592340A45E0071D498 /* SceneDelegate.swift */,
				52A6FC5B2340A45E0071D498 /* ViewController.swift */,
				52A6FC5D2340A45E0071D498 /* Main.storyboard */,
				52A6FC602340A4620071D498 /* Assets.xcassets */,
				52A6FC622340A4620071D498 /* LaunchScreen.storyboard */,
				52A6FC652340A4620071D498 /* Info.plist */,
			);
			path = "Go Get It";
			sourceTree = "<group>";
		};
/* End PBXGroup section */

/* Begin PBXNativeTarget section */
		52A6FC532340A45E0071D498 /* Go Get It */ = {
			isa = PBXNativeTarget;
			buildConfigurationList = 52A6FC682340A4620071D498 /* Build configuration list for PBXNativeTarget "Go Get It" */;
			buildPhases = (
				52A6FC502340A45E0071D498 /* Sources */,
				52A6FC512340A45E0071D498 /* Frameworks */,
				52A6FC522340A45E0071D498 /* Resources */,
			);
			buildRules = (
			);
			dependencies = (
			);
			name = "Go Get It";
			productName = "Go Get It";
			productReference = 52A6FC542340A45E0071D498 /* Go Get It.app */;
			productType = "com.apple.product-type.application";
		};
/* End PBXNativeTarget section */

/* Begin PBXProject section */
		52A6FC4C2340A45E0071D498 /* Project object */ = {
			isa = PBXProject;
			attributes = {
				LastSwiftUpdateCheck = 1100;
				LastUpgradeCheck = 1100;
				ORGANIZATIONNAME = Tariq;
				TargetAttributes = {
					52A6FC532340A45E0071D498 = {
						CreatedOnToolsVersion = 11.0;
					};
				};
			};
			buildConfigurationList = 52A6FC4F2340A45E0071D498 /* Build configuration list for PBXProject "Go Get It" */;
			compatibilityVersion = "Xcode 9.3";
			developmentRegion = en;
			hasScannedForEncodings = 0;
			knownRegions = (
				en,
				Base,
			);
			mainGroup = 52A6FC4B2340A45E0071D498;
			productRefGroup = 52A6FC552340A45E0071D498 /* Products */;
			projectDirPath = "";
			projectRoot = "";
			targets = (
				52A6FC532340A45E0071D498 /* Go Get It */,
			);
		};
/* End PBXProject section */

/* Begin PBXResourcesBuildPhase section */
		52A6FC522340A45E0071D498 /* Resources */ = {
			isa = PBXResourcesBuildPhase;
			buildActionMask = 2147483647;
			files = (
				52A6FC642340A4620071D498 /* LaunchScreen.storyboard in Resources */,
				52A6FC612340A4620071D498 /* Assets.xcassets in Resources */,
				52A6FC5F2340A45E0071D498 /* Main.storyboard in Resources */,
			);
			runOnlyForDeploymentPostprocessing = 0;
		};
/* End PBXResourcesBuildPhase section */

/* Begin PBXSourcesBuildPhase section */
		52A6FC502340A45E0071D498 /* Sources */ = {
			isa = PBXSourcesBuildPhase;
			buildActionMask = 2147483647;
			files = (
				52A6FC5C2340A45E0071D498 /* ViewController.swift in Sources */,
				52A6FC582340A45E0071D498 /* AppDelegate.swift in Sources */,
				52A6FC5A2340A45E0071D498 /* SceneDelegate.swift in Sources */,
			);
			runOnlyForDeploymentPostprocessing = 0;
		};
/* End PBXSourcesBuildPhase section */

/* Begin PBXVariantGroup section */
		52A6FC5D2340A45E0071D498 /* Main.storyboard */ = {
			isa = PBXVariantGroup;
			children = (
				52A6FC5E2340A45E0071D498 /* Base */,
			);
			name = Main.storyboard;
			sourceTree = "<group>";
		};
		52A6FC622340A4620071D498 /* LaunchScreen.storyboard */ = {
			isa = PBXVariantGroup;
			children = (
				52A6FC632340A4620071D498 /* Base */,
			);
			name = LaunchScreen.storyboard;
			sourceTree = "<group>";
		};
/* End PBXVariantGroup section */

/* Begin XCBuildConfiguration section */
		52A6FC662340A4620071D498 /* Debug */ = {
			isa = XCBuildConfiguration;
			buildSettings = {
				ALWAYS_SEARCH_USER_PATHS = NO;
				CLANG_ANALYZER_NONNULL = YES;
				CLANG_ANALYZER_NUMBER_OBJECT_CONVERSION = YES_AGGRESSIVE;
				CLANG_CXX_LANGUAGE_STANDARD = "gnu++14";
				CLANG_CXX_LIBRARY = "libc++";
				CLANG_ENABLE_MODULES = YES;
				CLANG_ENABLE_OBJC_ARC = YES;
				CLANG_ENABLE_OBJC_WEAK = YES;
				CLANG_WARN_BLOCK_CAPTURE_AUTORELEASING = YES;
				CLANG_WARN_BOOL_CONVERSION = YES;
				CLANG_WARN_COMMA = YES;
				CLANG_WARN_CONSTANT_CONVERSION = YES;
				CLANG_WARN_DEPRECATED_OBJC_IMPLEMENTATIONS = YES;
				CLANG_WARN_DIRECT_OBJC_ISA_USAGE = YES_ERROR;
				CLANG_WARN_DOCUMENTATION_COMMENTS = YES;
				CLANG_WARN_EMPTY_BODY = YES;
				CLANG_WARN_ENUM_CONVERSION = YES;
				CLANG_WARN_INFINITE_RECURSION = YES;
				CLANG_WARN_INT_CONVERSION = YES;
				CLANG_WARN_NON_LITERAL_NULL_CONVERSION = YES;
				CLANG_WARN_OBJC_IMPLICIT_RETAIN_SELF = YES;
				CLANG_WARN_OBJC_LITERAL_CONVERSION = YES;
				CLANG_WARN_OBJC_ROOT_CLASS = YES_ERROR;
				CLANG_WARN_RANGE_LOOP_ANALYSIS = YES;
				CLANG_WARN_STRICT_PROTOTYPES = YES;
				CLANG_WARN_SUSPICIOUS_MOVE = YES;
				CLANG_WARN_UNGUARDED_AVAILABILITY = YES_AGGRESSIVE;
				CLANG_WARN_UNREACHABLE_CODE = YES;
				CLANG_WARN__DUPLICATE_METHOD_MATCH = YES;
				COPY_PHASE_STRIP = NO;
				DEBUG_INFORMATION_FORMAT = dwarf;
				ENABLE_STRICT_OBJC_MSGSEND = YES;
				ENABLE_TESTABILITY = YES;
				GCC_C_LANGUAGE_STANDARD = gnu11;
				GCC_DYNAMIC_NO_PIC = NO;
				GCC_NO_COMMON_BLOCKS = YES;
				GCC_OPTIMIZATION_LEVEL = 0;
				GCC_PREPROCESSOR_DEFINITIONS = (
					"DEBUG=1",
					"$(inherited)",
				);
				GCC_WARN_64_TO_32_BIT_CONVERSION = YES;
				GCC_WARN_ABOUT_RETURN_TYPE = YES_ERROR;
				GCC_WARN_UNDECLARED_SELECTOR = YES;
				GCC_WARN_UNINITIALIZED_AUTOS = YES_AGGRESSIVE;
				GCC_WARN_UNUSED_FUNCTION = YES;
				GCC_WARN_UNUSED_VARIABLE = YES;
				IPHONEOS_DEPLOYMENT_TARGET = 13.0;
				MTL_ENABLE_DEBUG_INFO = INCLUDE_SOURCE;
				MTL_FAST_MATH = YES;
				ONLY_ACTIVE_ARCH = YES;
				SDKROOT = iphoneos;
				SWIFT_ACTIVE_COMPILATION_CONDITIONS = DEBUG;
				SWIFT_OPTIMIZATION_LEVEL = "-Onone";
			};
			name = Debug;
		};
		52A6FC672340A4620071D498 /* Release */ = {
			isa = XCBuildConfiguration;
			buildSettings = {
				ALWAYS_SEARCH_USER_PATHS = NO;
				CLANG_ANALYZER_NONNULL = YES;
				CLANG_ANALYZER_NUMBER_OBJECT_CONVERSION = YES_AGGRESSIVE;
				CLANG_CXX_LANGUAGE_STANDARD = "gnu++14";
				CLANG_CXX_LIBRARY = "libc++";
				CLANG_ENABLE_MODULES = YES;
				CLANG_ENABLE_OBJC_ARC = YES;
				CLANG_ENABLE_OBJC_WEAK = YES;
				CLANG_WARN_BLOCK_CAPTURE_AUTORELEASING = YES;
				CLANG_WARN_BOOL_CONVERSION = YES;
				CLANG_WARN_COMMA = YES;
				CLANG_WARN_CONSTANT_CONVERSION = YES;
				CLANG_WARN_DEPRECATED_OBJC_IMPLEMENTATIONS = YES;
				CLANG_WARN_DIRECT_OBJC_ISA_USAGE = YES_ERROR;
				CLANG_WARN_DOCUMENTATION_COMMENTS = YES;
				CLANG_WARN_EMPTY_BODY = YES;
				CLANG_WARN_ENUM_CONVERSION = YES;
				CLANG_WARN_INFINITE_RECURSION = YES;
				CLANG_WARN_INT_CONVERSION = YES;
				CLANG_WARN_NON_LITERAL_NULL_CONVERSION = YES;
				CLANG_WARN_OBJC_IMPLICIT_RETAIN_SELF = YES;
				CLANG_WARN_OBJC_LITERAL_CONVERSION = YES;
				CLANG_WARN_OBJC_ROOT_CLASS = YES_ERROR;
				CLANG_WARN_RANGE_LOOP_ANALYSIS = YES;
				CLANG_WARN_STRICT_PROTOTYPES = YES;
				CLANG_WARN_SUSPICIOUS_MOVE = YES;
				CLANG_WARN_UNGUARDED_AVAILABILITY = YES_AGGRESSIVE;
				CLANG_WARN_UNREACHABLE_CODE = YES;
				CLANG_WARN__DUPLICATE_METHOD_MATCH = YES;
				COPY_PHASE_STRIP = NO;
				DEBUG_INFORMATION_FORMAT = "dwarf-with-dsym";
				ENABLE_NS_ASSERTIONS = NO;
				ENABLE_STRICT_OBJC_MSGSEND = YES;
				GCC_C_LANGUAGE_STANDARD = gnu11;
				GCC_NO_COMMON_BLOCKS = YES;
				GCC_WARN_64_TO_32_BIT_CONVERSION = YES;
				GCC_WARN_ABOUT_RETURN_TYPE = YES_ERROR;
				GCC_WARN_UNDECLARED_SELECTOR = YES;
				GCC_WARN_UNINITIALIZED_AUTOS = YES_AGGRESSIVE;
				GCC_WARN_UNUSED_FUNCTION = YES;
				GCC_WARN_UNUSED_VARIABLE = YES;
				IPHONEOS_DEPLOYMENT_TARGET = 13.0;
				MTL_ENABLE_DEBUG_INFO = NO;
				MTL_FAST_MATH = YES;
				SDKROOT = iphoneos;
				SWIFT_COMPILATION_MODE = wholemodule;
				SWIFT_OPTIMIZATION_LEVEL = "-O";
				VALIDATE_PRODUCT = YES;
			};
			name = Release;
		};
		52A6FC692340A4620071D498 /* Debug */ = {
			isa = XCBuildConfiguration;
			buildSettings = {
				ASSETCATALOG_COMPILER_APPICON_NAME = AppIcon;
				CODE_SIGN_STYLE = Automatic;
				DEVELOPMENT_TEAM = 4Z34DQ34UQ;
				INFOPLIST_FILE = "Go Get It/Info.plist";
				LD_RUNPATH_SEARCH_PATHS = (
					"$(inherited)",
					"@executable_path/Frameworks",
				);
				PRODUCT_BUNDLE_IDENTIFIER = "E-Bakers.Go-Get-It";
				PRODUCT_NAME = "$(TARGET_NAME)";
				SWIFT_VERSION = 5.0;
				TARGETED_DEVICE_FAMILY = "1,2";
			};
			name = Debug;
		};
		52A6FC6A2340A4620071D498 /* Release */ = {
			isa = XCBuildConfiguration;
			buildSettings = {
				ASSETCATALOG_COMPILER_APPICON_NAME = AppIcon;
				CODE_SIGN_STYLE = Automatic;
				DEVELOPMENT_TEAM = 4Z34DQ34UQ;
				INFOPLIST_FILE = "Go Get It/Info.plist";
				LD_RUNPATH_SEARCH_PATHS = (
					"$(inherited)",
					"@executable_path/Frameworks",
				);
				PRODUCT_BUNDLE_IDENTIFIER = "E-Bakers.Go-Get-It";
				PRODUCT_NAME = "$(TARGET_NAME)";
				SWIFT_VERSION = 5.0;
				TARGETED_DEVICE_FAMILY = "1,2";
			};
			name = Release;
		};
/* End XCBuildConfiguration section */

/* Begin XCConfigurationList section */
		52A6FC4F2340A45E0071D498 /* Build configuration list for PBXProject "Go Get It" */ = {
			isa = XCConfigurationList;
			buildConfigurations = (
				52A6FC662340A4620071D498 /* Debug */,
				52A6FC672340A4620071D498 /* Release */,
			);
			defaultConfigurationIsVisible = 0;
			defaultConfigurationName = Release;
		};
		52A6FC682340A4620071D498 /* Build configuration list for PBXNativeTarget "Go Get It" */ = {
			isa = XCConfigurationList;
			buildConfigurations = (
				52A6FC692340A4620071D498 /* Debug */,
				52A6FC6A2340A4620071D498 /* Release */,
			);
			defaultConfigurationIsVisible = 0;
			defaultConfigurationName = Release;
		};
/* End XCConfigurationList section */
	};
	rootObject = 52A6FC4C2340A45E0071D498 /* Project object */;
}
